
Microsoft Visual Studio Solution File, Format Version 12.00
# Visual Studio Version 17
VisualStudioVersion = 17.10.35027.167
MinimumVisualStudioVersion = 10.0.40219.1
Project("{FAE04EC0-301F-11D3-BF4B-00C04F79EFBC}") = "Tetris", "Tetris\Tetris.csproj", "{FE3FBBC0-D362-4038-8555-44626CE52020}"
EndProject
Global
	GlobalSection(SolutionConfigurationPlatforms) = preSolution
		Debug|Any CPU = Debug|Any CPU
		Release|Any CPU = Release|Any CPU
	EndGlobalSection
	GlobalSection(ProjectConfigurationPlatforms) = postSolution
		{FE3FBBC0-D362-4038-8555-44626CE52020}.Debug|Any CPU.ActiveCfg = Debug|Any CPU
		{FE3FBBC0-D362-4038-8555-44626CE52020}.Debug|Any CPU.Build.0 = Debug|Any CPU
		{FE3FBBC0-D362-4038-8555-44626CE52020}.Release|Any CPU.ActiveCfg = Release|Any CPU
		{FE3FBBC0-D362-4038-8555-44626CE52020}.Release|Any CPU.Build.0 = Release|Any CPU
	EndGlobalSection
	GlobalSection(SolutionProperties) = preSolution
		HideSolutionNode = FALSE
	EndGlobalSection
	GlobalSection(ExtensibilityGlobals) = postSolution
		SolutionGuid = {6E3C1E60-ED13-45A3-820C-0578433F707B}
	EndGlobalSection
EndGlobal
